// !$*UTF8*$!
{
	archiveVersion = 1;
	classes = {
	};
	objectVersion = 50;
	objects = {

/* Begin PBXBuildFile section */
		2F6311B0243CBFCB00CE481F /* AppDelegate.swift in Sources */ = {isa = PBXBuildFile; fileRef = 2F6311AF243CBFCB00CE481F /* AppDelegate.swift */; };
		2F6311B2243CBFCB00CE481F /* SceneDelegate.swift in Sources */ = {isa = PBXBuildFile; fileRef = 2F6311B1243CBFCB00CE481F /* SceneDelegate.swift */; };
		2F6311B7243CBFCB00CE481F /* Main.storyboard in Resources */ = {isa = PBXBuildFile; fileRef = 2F6311B5243CBFCB00CE481F /* Main.storyboard */; };
		2F6311B9243CBFCB00CE481F /* Assets.xcassets in Resources */ = {isa = PBXBuildFile; fileRef = 2F6311B8243CBFCB00CE481F /* Assets.xcassets */; };
		2F6311BC243CBFCB00CE481F /* LaunchScreen.storyboard in Resources */ = {isa = PBXBuildFile; fileRef = 2F6311BA243CBFCB00CE481F /* LaunchScreen.storyboard */; };
		2F6311C4243CC0D800CE481F /* MusicTableViewController.swift in Sources */ = {isa = PBXBuildFile; fileRef = 2F6311C3243CC0D800CE481F /* MusicTableViewController.swift */; };
		2F6311C6243CC21300CE481F /* MusicTableViewCell.swift in Sources */ = {isa = PBXBuildFile; fileRef = 2F6311C5243CC21300CE481F /* MusicTableViewCell.swift */; };
		2F6311C9243CC4F600CE481F /* MusicData.swift in Sources */ = {isa = PBXBuildFile; fileRef = 2F6311C8243CC4F600CE481F /* MusicData.swift */; };
		C147F841BD13D74F9B85E437 /* libPods-Assignment3-2.a in Frameworks */ = {isa = PBXBuildFile; fileRef = 30E56838BD8BE425E96A1B67 /* libPods-Assignment3-2.a */; };
/* End PBXBuildFile section */

/* Begin PBXFileReference section */
		2F6311AC243CBFCB00CE481F /* Assignment3-2.app */ = {isa = PBXFileReference; explicitFileType = wrapper.application; includeInIndex = 0; path = "Assignment3-2.app"; sourceTree = BUILT_PRODUCTS_DIR; };
		2F6311AF243CBFCB00CE481F /* AppDelegate.swift */ = {isa = PBXFileReference; lastKnownFileType = sourcecode.swift; path = AppDelegate.swift; sourceTree = "<group>"; };
		2F6311B1243CBFCB00CE481F /* SceneDelegate.swift */ = {isa = PBXFileReference; lastKnownFileType = sourcecode.swift; path = SceneDelegate.swift; sourceTree = "<group>"; };
		2F6311B6243CBFCB00CE481F /* Base */ = {isa = PBXFileReference; lastKnownFileType = file.storyboard; name = Base; path = Base.lproj/Main.storyboard; sourceTree = "<group>"; };
		2F6311B8243CBFCB00CE481F /* Assets.xcassets */ = {isa = PBXFileReference; lastKnownFileType = folder.assetcatalog; path = Assets.xcassets; sourceTree = "<group>"; };
		2F6311BB243CBFCB00CE481F /* Base */ = {isa = PBXFileReference; lastKnownFileType = file.storyboard; name = Base; path = Base.lproj/LaunchScreen.storyboard; sourceTree = "<group>"; };
		2F6311BD243CBFCB00CE481F /* Info.plist */ = {isa = PBXFileReference; lastKnownFileType = text.plist.xml; path = Info.plist; sourceTree = "<group>"; };
		2F6311C3243CC0D800CE481F /* MusicTableViewController.swift */ = {isa = PBXFileReference; lastKnownFileType = sourcecode.swift; path = MusicTableViewController.swift; sourceTree = "<group>"; };
		2F6311C5243CC21300CE481F /* MusicTableViewCell.swift */ = {isa = PBXFileReference; lastKnownFileType = sourcecode.swift; path = MusicTableViewCell.swift; sourceTree = "<group>"; };
		2F6311C8243CC4F600CE481F /* MusicData.swift */ = {isa = PBXFileReference; lastKnownFileType = sourcecode.swift; path = MusicData.swift; sourceTree = "<group>"; };
		30E56838BD8BE425E96A1B67 /* libPods-Assignment3-2.a */ = {isa = PBXFileReference; explicitFileType = archive.ar; includeInIndex = 0; path = "libPods-Assignment3-2.a"; sourceTree = BUILT_PRODUCTS_DIR; };
		5CBEA7B6B4174D6FCE74F02D /* Pods-Assignment3-2.debug.xcconfig */ = {isa = PBXFileReference; includeInIndex = 1; lastKnownFileType = text.xcconfig; name = "Pods-Assignment3-2.debug.xcconfig"; path = "Target Support Files/Pods-Assignment3-2/Pods-Assignment3-2.debug.xcconfig"; sourceTree = "<group>"; };
		7B3BEDB93959C1D61E984573 /* Pods-Assignment3-2.release.xcconfig */ = {isa = PBXFileReference; includeInIndex = 1; lastKnownFileType = text.xcconfig; name = "Pods-Assignment3-2.release.xcconfig"; path = "Target Support Files/Pods-Assignment3-2/Pods-Assignment3-2.release.xcconfig"; sourceTree = "<group>"; };
/* End PBXFileReference section */

/* Begin PBXFrameworksBuildPhase section */
		2F6311A9243CBFCB00CE481F /* Frameworks */ = {
			isa = PBXFrameworksBuildPhase;
			buildActionMask = 2147483647;
			files = (
				C147F841BD13D74F9B85E437 /* libPods-Assignment3-2.a in Frameworks */,
			);
			runOnlyForDeploymentPostprocessing = 0;
		};
/* End PBXFrameworksBuildPhase section */

/* Begin PBXGroup section */
		05C8162D503BCD3D66AA9967 /* Pods */ = {
			isa = PBXGroup;
			children = (
				5CBEA7B6B4174D6FCE74F02D /* Pods-Assignment3-2.debug.xcconfig */,
				7B3BEDB93959C1D61E984573 /* Pods-Assignment3-2.release.xcconfig */,
			);
			path = Pods;
			sourceTree = "<group>";
		};
		20AE7CF60FCBE025B1615DD5 /* Frameworks */ = {
			isa = PBXGroup;
			children = (
				30E56838BD8BE425E96A1B67 /* libPods-Assignment3-2.a */,
			);
			name = Frameworks;
			sourceTree = "<group>";
		};
		2F6311A3243CBFCB00CE481F = {
			isa = PBXGroup;
			children = (
				2F6311AE243CBFCB00CE481F /* Assignment3-2 */,
				2F6311AD243CBFCB00CE481F /* Products */,
				05C8162D503BCD3D66AA9967 /* Pods */,
				20AE7CF60FCBE025B1615DD5 /* Frameworks */,
			);
			sourceTree = "<group>";
		};
		2F6311AD243CBFCB00CE481F /* Products */ = {
			isa = PBXGroup;
			children = (
				2F6311AC243CBFCB00CE481F /* Assignment3-2.app */,
			);
			name = Products;
			sourceTree = "<group>";
		};
		2F6311AE243CBFCB00CE481F /* Assignment3-2 */ = {
			isa = PBXGroup;
			children = (
				2F6311C7243CC4DC00CE481F /* model */,
				2F6311AF243CBFCB00CE481F /* AppDelegate.swift */,
				2F6311B1243CBFCB00CE481F /* SceneDelegate.swift */,
				2F6311B5243CBFCB00CE481F /* Main.storyboard */,
				2F6311B8243CBFCB00CE481F /* Assets.xcassets */,
				2F6311BA243CBFCB00CE481F /* LaunchScreen.storyboard */,
				2F6311BD243CBFCB00CE481F /* Info.plist */,
				2F6311C3243CC0D800CE481F /* MusicTableViewController.swift */,
				2F6311C5243CC21300CE481F /* MusicTableViewCell.swift */,
			);
			path = "Assignment3-2";
			sourceTree = "<group>";
		};
		2F6311C7243CC4DC00CE481F /* model */ = {
			isa = PBXGroup;
			children = (
				2F6311C8243CC4F600CE481F /* MusicData.swift */,
			);
			path = model;
			sourceTree = "<group>";
		};
/* End PBXGroup section */

/* Begin PBXNativeTarget section */
		2F6311AB243CBFCB00CE481F /* Assignment3-2 */ = {
			isa = PBXNativeTarget;
			buildConfigurationList = 2F6311C0243CBFCB00CE481F /* Build configuration list for PBXNativeTarget "Assignment3-2" */;
			buildPhases = (
				E7EA2B8AEC9129BCFA51CFE8 /* [CP] Check Pods Manifest.lock */,
				2F6311A8243CBFCB00CE481F /* Sources */,
				2F6311A9243CBFCB00CE481F /* Frameworks */,
				2F6311AA243CBFCB00CE481F /* Resources */,
			);
			buildRules = (
			);
			dependencies = (
			);
			name = "Assignment3-2";
			productName = "Assignment3-2";
			productReference = 2F6311AC243CBFCB00CE481F /* Assignment3-2.app */;
			productType = "com.apple.product-type.application";
		};
/* End PBXNativeTarget section */

/* Begin PBXProject section */
		2F6311A4243CBFCB00CE481F /* Project object */ = {
			isa = PBXProject;
			attributes = {
				LastSwiftUpdateCheck = 1130;
				LastUpgradeCheck = 1130;
				ORGANIZATIONNAME = urbanGY;
				TargetAttributes = {
					2F6311AB243CBFCB00CE481F = {
						CreatedOnToolsVersion = 11.3.1;
					};
				};
			};
			buildConfigurationList = 2F6311A7243CBFCB00CE481F /* Build configuration list for PBXProject "Assignment3-2" */;
			compatibilityVersion = "Xcode 9.3";
			developmentRegion = en;
			hasScannedForEncodings = 0;
			knownRegions = (
				en,
				Base,
			);
			mainGroup = 2F6311A3243CBFCB00CE481F;
			productRefGroup = 2F6311AD243CBFCB00CE481F /* Products */;
			projectDirPath = "";
			projectRoot = "";
			targets = (
				2F6311AB243CBFCB00CE481F /* Assignment3-2 */,
			);
		};
/* End PBXProject section */

/* Begin PBXResourcesBuildPhase section */
		2F6311AA243CBFCB00CE481F /* Resources */ = {
			isa = PBXResourcesBuildPhase;
			buildActionMask = 2147483647;
			files = (
				2F6311BC243CBFCB00CE481F /* LaunchScreen.storyboard in Resources */,
				2F6311B9243CBFCB00CE481F /* Assets.xcassets in Resources */,
				2F6311B7243CBFCB00CE481F /* Main.storyboard in Resources */,
			);
			runOnlyForDeploymentPostprocessing = 0;
		};
/* End PBXResourcesBuildPhase section */

/* Begin PBXShellScriptBuildPhase section */
		E7EA2B8AEC9129BCFA51CFE8 /* [CP] Check Pods Manifest.lock */ = {
			isa = PBXShellScriptBuildPhase;
			buildActionMask = 2147483647;
			files = (
			);
			inputFileListPaths = (
			);
			inputPaths = (
				"${PODS_PODFILE_DIR_PATH}/Podfile.lock",
				"${PODS_ROOT}/Manifest.lock",
			);
			name = "[CP] Check Pods Manifest.lock";
			outputFileListPaths = (
			);
			outputPaths = (
				"$(DERIVED_FILE_DIR)/Pods-Assignment3-2-checkManifestLockResult.txt",
			);
			runOnlyForDeploymentPostprocessing = 0;
			shellPath = /bin/sh;
			shellScript = "diff \"${PODS_PODFILE_DIR_PATH}/Podfile.lock\" \"${PODS_ROOT}/Manifest.lock\" > /dev/null\nif [ $? != 0 ] ; then\n    # print error to STDERR\n    echo \"error: The sandbox is not in sync with the Podfile.lock. Run 'pod install' or update your CocoaPods installation.\" >&2\n    exit 1\nfi\n# This output is used by Xcode 'outputs' to avoid re-running this script phase.\necho \"SUCCESS\" > \"${SCRIPT_OUTPUT_FILE_0}\"\n";
			showEnvVarsInLog = 0;
		};
/* End PBXShellScriptBuildPhase section */

/* Begin PBXSourcesBuildPhase section */
		2F6311A8243CBFCB00CE481F /* Sources */ = {
			isa = PBXSourcesBuildPhase;
			buildActionMask = 2147483647;
			files = (
				2F6311C9243CC4F600CE481F /* MusicData.swift in Sources */,
				2F6311C4243CC0D800CE481F /* MusicTableViewController.swift in Sources */,
				2F6311B0243CBFCB00CE481F /* AppDelegate.swift in Sources */,
				2F6311B2243CBFCB00CE481F /* SceneDelegate.swift in Sources */,
				2F6311C6243CC21300CE481F /* MusicTableViewCell.swift in Sources */,
			);
			runOnlyForDeploymentPostprocessing = 0;
		};
/* End PBXSourcesBuildPhase section */

/* Begin PBXVariantGroup section */
		2F6311B5243CBFCB00CE481F /* Main.storyboard */ = {
			isa = PBXVariantGroup;
			children = (
				2F6311B6243CBFCB00CE481F /* Base */,
			);
			name = Main.storyboard;
			sourceTree = "<group>";
		};
		2F6311BA243CBFCB00CE481F /* LaunchScreen.storyboard */ = {
			isa = PBXVariantGroup;
			children = (
				2F6311BB243CBFCB00CE481F /* Base */,
			);
			name = LaunchScreen.storyboard;
			sourceTree = "<group>";
		};
/* End PBXVariantGroup section */

/* Begin XCBuildConfiguration section */
		2F6311BE243CBFCB00CE481F /* Debug */ = {
			isa = XCBuildConfiguration;
			buildSettings = {
				ALWAYS_SEARCH_USER_PATHS = NO;
				CLANG_ANALYZER_NONNULL = YES;
				CLANG_ANALYZER_NUMBER_OBJECT_CONVERSION = YES_AGGRESSIVE;
				CLANG_CXX_LANGUAGE_STANDARD = "gnu++14";
				CLANG_CXX_LIBRARY = "libc++";
				CLANG_ENABLE_MODULES = YES;
				CLANG_ENABLE_OBJC_ARC = YES;
				CLANG_ENABLE_OBJC_WEAK = YES;
				CLANG_WARN_BLOCK_CAPTURE_AUTORELEASING = YES;
				CLANG_WARN_BOOL_CONVERSION = YES;
				CLANG_WARN_COMMA = YES;
				CLANG_WARN_CONSTANT_CONVERSION = YES;
				CLANG_WARN_DEPRECATED_OBJC_IMPLEMENTATIONS = YES;
				CLANG_WARN_DIRECT_OBJC_ISA_USAGE = YES_ERROR;
				CLANG_WARN_DOCUMENTATION_COMMENTS = YES;
				CLANG_WARN_EMPTY_BODY = YES;
				CLANG_WARN_ENUM_CONVERSION = YES;
				CLANG_WARN_INFINITE_RECURSION = YES;
				CLANG_WARN_INT_CONVERSION = YES;
				CLANG_WARN_NON_LITERAL_NULL_CONVERSION = YES;
				CLANG_WARN_OBJC_IMPLICIT_RETAIN_SELF = YES;
				CLANG_WARN_OBJC_LITERAL_CONVERSION = YES;
				CLANG_WARN_OBJC_ROOT_CLASS = YES_ERROR;
				CLANG_WARN_RANGE_LOOP_ANALYSIS = YES;
				CLANG_WARN_STRICT_PROTOTYPES = YES;
				CLANG_WARN_SUSPICIOUS_MOVE = YES;
				CLANG_WARN_UNGUARDED_AVAILABILITY = YES_AGGRESSIVE;
				CLANG_WARN_UNREACHABLE_CODE = YES;
				CLANG_WARN__DUPLICATE_METHOD_MATCH = YES;
				COPY_PHASE_STRIP = NO;
				DEBUG_INFORMATION_FORMAT = dwarf;
				ENABLE_STRICT_OBJC_MSGSEND = YES;
				ENABLE_TESTABILITY = YES;
				GCC_C_LANGUAGE_STANDARD = gnu11;
				GCC_DYNAMIC_NO_PIC = NO;
				GCC_NO_COMMON_BLOCKS = YES;
				GCC_OPTIMIZATION_LEVEL = 0;
				GCC_PREPROCESSOR_DEFINITIONS = (
					"DEBUG=1",
					"$(inherited)",
				);
				GCC_WARN_64_TO_32_BIT_CONVERSION = YES;
				GCC_WARN_ABOUT_RETURN_TYPE = YES_ERROR;
				GCC_WARN_UNDECLARED_SELECTOR = YES;
				GCC_WARN_UNINITIALIZED_AUTOS = YES_AGGRESSIVE;
				GCC_WARN_UNUSED_FUNCTION = YES;
				GCC_WARN_UNUSED_VARIABLE = YES;
				IPHONEOS_DEPLOYMENT_TARGET = 13.2;
				MTL_ENABLE_DEBUG_INFO = INCLUDE_SOURCE;
				MTL_FAST_MATH = YES;
				ONLY_ACTIVE_ARCH = YES;
				SDKROOT = iphoneos;
				SWIFT_ACTIVE_COMPILATION_CONDITIONS = DEBUG;
				SWIFT_OPTIMIZATION_LEVEL = "-Onone";
			};
			name = Debug;
		};
		2F6311BF243CBFCB00CE481F /* Release */ = {
			isa = XCBuildConfiguration;
			buildSettings = {
				ALWAYS_SEARCH_USER_PATHS = NO;
				CLANG_ANALYZER_NONNULL = YES;
				CLANG_ANALYZER_NUMBER_OBJECT_CONVERSION = YES_AGGRESSIVE;
				CLANG_CXX_LANGUAGE_STANDARD = "gnu++14";
				CLANG_CXX_LIBRARY = "libc++";
				CLANG_ENABLE_MODULES = YES;
				CLANG_ENABLE_OBJC_ARC = YES;
				CLANG_ENABLE_OBJC_WEAK = YES;
				CLANG_WARN_BLOCK_CAPTURE_AUTORELEASING = YES;
				CLANG_WARN_BOOL_CONVERSION = YES;
				CLANG_WARN_COMMA = YES;
				CLANG_WARN_CONSTANT_CONVERSION = YES;
				CLANG_WARN_DEPRECATED_OBJC_IMPLEMENTATIONS = YES;
				CLANG_WARN_DIRECT_OBJC_ISA_USAGE = YES_ERROR;
				CLANG_WARN_DOCUMENTATION_COMMENTS = YES;
				CLANG_WARN_EMPTY_BODY = YES;
				CLANG_WARN_ENUM_CONVERSION = YES;
				CLANG_WARN_INFINITE_RECURSION = YES;
				CLANG_WARN_INT_CONVERSION = YES;
				CLANG_WARN_NON_LITERAL_NULL_CONVERSION = YES;
				CLANG_WARN_OBJC_IMPLICIT_RETAIN_SELF = YES;
				CLANG_WARN_OBJC_LITERAL_CONVERSION = YES;
				CLANG_WARN_OBJC_ROOT_CLASS = YES_ERROR;
				CLANG_WARN_RANGE_LOOP_ANALYSIS = YES;
				CLANG_WARN_STRICT_PROTOTYPES = YES;
				CLANG_WARN_SUSPICIOUS_MOVE = YES;
				CLANG_WARN_UNGUARDED_AVAILABILITY = YES_AGGRESSIVE;
				CLANG_WARN_UNREACHABLE_CODE = YES;
				CLANG_WARN__DUPLICATE_METHOD_MATCH = YES;
				COPY_PHASE_STRIP = NO;
				DEBUG_INFORMATION_FORMAT = "dwarf-with-dsym";
				ENABLE_NS_ASSERTIONS = NO;
				ENABLE_STRICT_OBJC_MSGSEND = YES;
				GCC_C_LANGUAGE_STANDARD = gnu11;
				GCC_NO_COMMON_BLOCKS = YES;
				GCC_WARN_64_TO_32_BIT_CONVERSION = YES;
				GCC_WARN_ABOUT_RETURN_TYPE = YES_ERROR;
				GCC_WARN_UNDECLARED_SELECTOR = YES;
				GCC_WARN_UNINITIALIZED_AUTOS = YES_AGGRESSIVE;
				GCC_WARN_UNUSED_FUNCTION = YES;
				GCC_WARN_UNUSED_VARIABLE = YES;
				IPHONEOS_DEPLOYMENT_TARGET = 13.2;
				MTL_ENABLE_DEBUG_INFO = NO;
				MTL_FAST_MATH = YES;
				SDKROOT = iphoneos;
				SWIFT_COMPILATION_MODE = wholemodule;
				SWIFT_OPTIMIZATION_LEVEL = "-O";
				VALIDATE_PRODUCT = YES;
			};
			name = Release;
		};
		2F6311C1243CBFCB00CE481F /* Debug */ = {
			isa = XCBuildConfiguration;
			baseConfigurationReference = 5CBEA7B6B4174D6FCE74F02D /* Pods-Assignment3-2.debug.xcconfig */;
			buildSettings = {
				ASSETCATALOG_COMPILER_APPICON_NAME = AppIcon;
				CODE_SIGN_STYLE = Automatic;
				INFOPLIST_FILE = "Assignment3-2/Info.plist";
				LD_RUNPATH_SEARCH_PATHS = (
					"$(inherited)",
					"@executable_path/Frameworks",
				);
				PRODUCT_BUNDLE_IDENTIFIER = "urbanGY.com.github.Assignment3-2";
				PRODUCT_NAME = "$(TARGET_NAME)";
				SWIFT_VERSION = 5.0;
				TARGETED_DEVICE_FAMILY = "1,2";
			};
			name = Debug;
		};
		2F6311C2243CBFCB00CE481F /* Release */ = {
			isa = XCBuildConfiguration;
			baseConfigurationReference = 7B3BEDB93959C1D61E984573 /* Pods-Assignment3-2.release.xcconfig */;
			buildSettings = {
				ASSETCATALOG_COMPILER_APPICON_NAME = AppIcon;
				CODE_SIGN_STYLE = Automatic;
				INFOPLIST_FILE = "Assignment3-2/Info.plist";
				LD_RUNPATH_SEARCH_PATHS = (
					"$(inherited)",
					"@executable_path/Frameworks",
				);
				PRODUCT_BUNDLE_IDENTIFIER = "urbanGY.com.github.Assignment3-2";
				PRODUCT_NAME = "$(TARGET_NAME)";
				SWIFT_VERSION = 5.0;
				TARGETED_DEVICE_FAMILY = "1,2";
			};
			name = Release;
		};
/* End XCBuildConfiguration section */

/* Begin XCConfigurationList section */
		2F6311A7243CBFCB00CE481F /* Build configuration list for PBXProject "Assignment3-2" */ = {
			isa = XCConfigurationList;
			buildConfigurations = (
				2F6311BE243CBFCB00CE481F /* Debug */,
				2F6311BF243CBFCB00CE481F /* Release */,
			);
			defaultConfigurationIsVisible = 0;
			defaultConfigurationName = Release;
		};
		2F6311C0243CBFCB00CE481F /* Build configuration list for PBXNativeTarget "Assignment3-2" */ = {
			isa = XCConfigurationList;
			buildConfigurations = (
				2F6311C1243CBFCB00CE481F /* Debug */,
				2F6311C2243CBFCB00CE481F /* Release */,
			);
			defaultConfigurationIsVisible = 0;
			defaultConfigurationName = Release;
		};
/* End XCConfigurationList section */
	};
	rootObject = 2F6311A4243CBFCB00CE481F /* Project object */;
}
