// !$*UTF8*$!
{
	archiveVersion = 1;
	classes = {
	};
	objectVersion = 50;
	objects = {

/* Begin PBXBuildFile section */
		2FEFD6E624795035001DAC72 /* AppDelegate.swift in Sources */ = {isa = PBXBuildFile; fileRef = 2FEFD6E524795035001DAC72 /* AppDelegate.swift */; };
		2FEFD6E824795035001DAC72 /* SceneDelegate.swift in Sources */ = {isa = PBXBuildFile; fileRef = 2FEFD6E724795035001DAC72 /* SceneDelegate.swift */; };
		2FEFD6EA24795035001DAC72 /* ViewController.swift in Sources */ = {isa = PBXBuildFile; fileRef = 2FEFD6E924795035001DAC72 /* ViewController.swift */; };
		2FEFD6ED24795035001DAC72 /* Main.storyboard in Resources */ = {isa = PBXBuildFile; fileRef = 2FEFD6EB24795035001DAC72 /* Main.storyboard */; };
		2FEFD6F024795035001DAC72 /* CompanyAssemble.xcdatamodeld in Sources */ = {isa = PBXBuildFile; fileRef = 2FEFD6EE24795035001DAC72 /* CompanyAssemble.xcdatamodeld */; };
		2FEFD6F224795037001DAC72 /* Assets.xcassets in Resources */ = {isa = PBXBuildFile; fileRef = 2FEFD6F124795037001DAC72 /* Assets.xcassets */; };
		2FEFD6F524795037001DAC72 /* LaunchScreen.storyboard in Resources */ = {isa = PBXBuildFile; fileRef = 2FEFD6F324795037001DAC72 /* LaunchScreen.storyboard */; };
/* End PBXBuildFile section */

/* Begin PBXFileReference section */
		2FEFD6E224795035001DAC72 /* CompanyAssemble.app */ = {isa = PBXFileReference; explicitFileType = wrapper.application; includeInIndex = 0; path = CompanyAssemble.app; sourceTree = BUILT_PRODUCTS_DIR; };
		2FEFD6E524795035001DAC72 /* AppDelegate.swift */ = {isa = PBXFileReference; lastKnownFileType = sourcecode.swift; path = AppDelegate.swift; sourceTree = "<group>"; };
		2FEFD6E724795035001DAC72 /* SceneDelegate.swift */ = {isa = PBXFileReference; lastKnownFileType = sourcecode.swift; path = SceneDelegate.swift; sourceTree = "<group>"; };
		2FEFD6E924795035001DAC72 /* ViewController.swift */ = {isa = PBXFileReference; lastKnownFileType = sourcecode.swift; path = ViewController.swift; sourceTree = "<group>"; };
		2FEFD6EC24795035001DAC72 /* Base */ = {isa = PBXFileReference; lastKnownFileType = file.storyboard; name = Base; path = Base.lproj/Main.storyboard; sourceTree = "<group>"; };
		2FEFD6EF24795035001DAC72 /* CompanyAssemble.xcdatamodel */ = {isa = PBXFileReference; lastKnownFileType = wrapper.xcdatamodel; path = CompanyAssemble.xcdatamodel; sourceTree = "<group>"; };
		2FEFD6F124795037001DAC72 /* Assets.xcassets */ = {isa = PBXFileReference; lastKnownFileType = folder.assetcatalog; path = Assets.xcassets; sourceTree = "<group>"; };
		2FEFD6F424795037001DAC72 /* Base */ = {isa = PBXFileReference; lastKnownFileType = file.storyboard; name = Base; path = Base.lproj/LaunchScreen.storyboard; sourceTree = "<group>"; };
		2FEFD6F624795037001DAC72 /* Info.plist */ = {isa = PBXFileReference; lastKnownFileType = text.plist.xml; path = Info.plist; sourceTree = "<group>"; };
/* End PBXFileReference section */

/* Begin PBXFrameworksBuildPhase section */
		2FEFD6DF24795035001DAC72 /* Frameworks */ = {
			isa = PBXFrameworksBuildPhase;
			buildActionMask = 2147483647;
			files = (
			);
			runOnlyForDeploymentPostprocessing = 0;
		};
/* End PBXFrameworksBuildPhase section */

/* Begin PBXGroup section */
		2FEFD6D924795035001DAC72 = {
			isa = PBXGroup;
			children = (
				2FEFD6E424795035001DAC72 /* CompanyAssemble */,
				2FEFD6E324795035001DAC72 /* Products */,
			);
			sourceTree = "<group>";
		};
		2FEFD6E324795035001DAC72 /* Products */ = {
			isa = PBXGroup;
			children = (
				2FEFD6E224795035001DAC72 /* CompanyAssemble.app */,
			);
			name = Products;
			sourceTree = "<group>";
		};
		2FEFD6E424795035001DAC72 /* CompanyAssemble */ = {
			isa = PBXGroup;
			children = (
				2FEFD6E524795035001DAC72 /* AppDelegate.swift */,
				2FEFD6E724795035001DAC72 /* SceneDelegate.swift */,
				2FEFD6E924795035001DAC72 /* ViewController.swift */,
				2FEFD6EB24795035001DAC72 /* Main.storyboard */,
				2FEFD6F124795037001DAC72 /* Assets.xcassets */,
				2FEFD6F324795037001DAC72 /* LaunchScreen.storyboard */,
				2FEFD6F624795037001DAC72 /* Info.plist */,
				2FEFD6EE24795035001DAC72 /* CompanyAssemble.xcdatamodeld */,
			);
			path = CompanyAssemble;
			sourceTree = "<group>";
		};
/* End PBXGroup section */

/* Begin PBXNativeTarget section */
		2FEFD6E124795035001DAC72 /* CompanyAssemble */ = {
			isa = PBXNativeTarget;
			buildConfigurationList = 2FEFD6F924795037001DAC72 /* Build configuration list for PBXNativeTarget "CompanyAssemble" */;
			buildPhases = (
				2FEFD6DE24795035001DAC72 /* Sources */,
				2FEFD6DF24795035001DAC72 /* Frameworks */,
				2FEFD6E024795035001DAC72 /* Resources */,
			);
			buildRules = (
			);
			dependencies = (
			);
			name = CompanyAssemble;
			productName = CompanyAssemble;
			productReference = 2FEFD6E224795035001DAC72 /* CompanyAssemble.app */;
			productType = "com.apple.product-type.application";
		};
/* End PBXNativeTarget section */

/* Begin PBXProject section */
		2FEFD6DA24795035001DAC72 /* Project object */ = {
			isa = PBXProject;
			attributes = {
				LastSwiftUpdateCheck = 1140;
				LastUpgradeCheck = 1140;
				ORGANIZATIONNAME = urbanGY;
				TargetAttributes = {
					2FEFD6E124795035001DAC72 = {
						CreatedOnToolsVersion = 11.4;
					};
				};
			};
			buildConfigurationList = 2FEFD6DD24795035001DAC72 /* Build configuration list for PBXProject "CompanyAssemble" */;
			compatibilityVersion = "Xcode 9.3";
			developmentRegion = en;
			hasScannedForEncodings = 0;
			knownRegions = (
				en,
				Base,
			);
			mainGroup = 2FEFD6D924795035001DAC72;
			productRefGroup = 2FEFD6E324795035001DAC72 /* Products */;
			projectDirPath = "";
			projectRoot = "";
			targets = (
				2FEFD6E124795035001DAC72 /* CompanyAssemble */,
			);
		};
/* End PBXProject section */

/* Begin PBXResourcesBuildPhase section */
		2FEFD6E024795035001DAC72 /* Resources */ = {
			isa = PBXResourcesBuildPhase;
			buildActionMask = 2147483647;
			files = (
				2FEFD6F524795037001DAC72 /* LaunchScreen.storyboard in Resources */,
				2FEFD6F224795037001DAC72 /* Assets.xcassets in Resources */,
				2FEFD6ED24795035001DAC72 /* Main.storyboard in Resources */,
			);
			runOnlyForDeploymentPostprocessing = 0;
		};
/* End PBXResourcesBuildPhase section */

/* Begin PBXSourcesBuildPhase section */
		2FEFD6DE24795035001DAC72 /* Sources */ = {
			isa = PBXSourcesBuildPhase;
			buildActionMask = 2147483647;
			files = (
				2FEFD6EA24795035001DAC72 /* ViewController.swift in Sources */,
				2FEFD6E624795035001DAC72 /* AppDelegate.swift in Sources */,
				2FEFD6E824795035001DAC72 /* SceneDelegate.swift in Sources */,
				2FEFD6F024795035001DAC72 /* CompanyAssemble.xcdatamodeld in Sources */,
			);
			runOnlyForDeploymentPostprocessing = 0;
		};
/* End PBXSourcesBuildPhase section */

/* Begin PBXVariantGroup section */
		2FEFD6EB24795035001DAC72 /* Main.storyboard */ = {
			isa = PBXVariantGroup;
			children = (
				2FEFD6EC24795035001DAC72 /* Base */,
			);
			name = Main.storyboard;
			sourceTree = "<group>";
		};
		2FEFD6F324795037001DAC72 /* LaunchScreen.storyboard */ = {
			isa = PBXVariantGroup;
			children = (
				2FEFD6F424795037001DAC72 /* Base */,
			);
			name = LaunchScreen.storyboard;
			sourceTree = "<group>";
		};
/* End PBXVariantGroup section */

/* Begin XCBuildConfiguration section */
		2FEFD6F724795037001DAC72 /* Debug */ = {
			isa = XCBuildConfiguration;
			buildSettings = {
				ALWAYS_SEARCH_USER_PATHS = NO;
				CLANG_ANALYZER_NONNULL = YES;
				CLANG_ANALYZER_NUMBER_OBJECT_CONVERSION = YES_AGGRESSIVE;
				CLANG_CXX_LANGUAGE_STANDARD = "gnu++14";
				CLANG_CXX_LIBRARY = "libc++";
				CLANG_ENABLE_MODULES = YES;
				CLANG_ENABLE_OBJC_ARC = YES;
				CLANG_ENABLE_OBJC_WEAK = YES;
				CLANG_WARN_BLOCK_CAPTURE_AUTORELEASING = YES;
				CLANG_WARN_BOOL_CONVERSION = YES;
				CLANG_WARN_COMMA = YES;
				CLANG_WARN_CONSTANT_CONVERSION = YES;
				CLANG_WARN_DEPRECATED_OBJC_IMPLEMENTATIONS = YES;
				CLANG_WARN_DIRECT_OBJC_ISA_USAGE = YES_ERROR;
				CLANG_WARN_DOCUMENTATION_COMMENTS = YES;
				CLANG_WARN_EMPTY_BODY = YES;
				CLANG_WARN_ENUM_CONVERSION = YES;
				CLANG_WARN_INFINITE_RECURSION = YES;
				CLANG_WARN_INT_CONVERSION = YES;
				CLANG_WARN_NON_LITERAL_NULL_CONVERSION = YES;
				CLANG_WARN_OBJC_IMPLICIT_RETAIN_SELF = YES;
				CLANG_WARN_OBJC_LITERAL_CONVERSION = YES;
				CLANG_WARN_OBJC_ROOT_CLASS = YES_ERROR;
				CLANG_WARN_RANGE_LOOP_ANALYSIS = YES;
				CLANG_WARN_STRICT_PROTOTYPES = YES;
				CLANG_WARN_SUSPICIOUS_MOVE = YES;
				CLANG_WARN_UNGUARDED_AVAILABILITY = YES_AGGRESSIVE;
				CLANG_WARN_UNREACHABLE_CODE = YES;
				CLANG_WARN__DUPLICATE_METHOD_MATCH = YES;
				COPY_PHASE_STRIP = NO;
				DEBUG_INFORMATION_FORMAT = dwarf;
				ENABLE_STRICT_OBJC_MSGSEND = YES;
				ENABLE_TESTABILITY = YES;
				GCC_C_LANGUAGE_STANDARD = gnu11;
				GCC_DYNAMIC_NO_PIC = NO;
				GCC_NO_COMMON_BLOCKS = YES;
				GCC_OPTIMIZATION_LEVEL = 0;
				GCC_PREPROCESSOR_DEFINITIONS = (
					"DEBUG=1",
					"$(inherited)",
				);
				GCC_WARN_64_TO_32_BIT_CONVERSION = YES;
				GCC_WARN_ABOUT_RETURN_TYPE = YES_ERROR;
				GCC_WARN_UNDECLARED_SELECTOR = YES;
				GCC_WARN_UNINITIALIZED_AUTOS = YES_AGGRESSIVE;
				GCC_WARN_UNUSED_FUNCTION = YES;
				GCC_WARN_UNUSED_VARIABLE = YES;
				IPHONEOS_DEPLOYMENT_TARGET = 13.4;
				MTL_ENABLE_DEBUG_INFO = INCLUDE_SOURCE;
				MTL_FAST_MATH = YES;
				ONLY_ACTIVE_ARCH = YES;
				SDKROOT = iphoneos;
				SWIFT_ACTIVE_COMPILATION_CONDITIONS = DEBUG;
				SWIFT_OPTIMIZATION_LEVEL = "-Onone";
			};
			name = Debug;
		};
		2FEFD6F824795037001DAC72 /* Release */ = {
			isa = XCBuildConfiguration;
			buildSettings = {
				ALWAYS_SEARCH_USER_PATHS = NO;
				CLANG_ANALYZER_NONNULL = YES;
				CLANG_ANALYZER_NUMBER_OBJECT_CONVERSION = YES_AGGRESSIVE;
				CLANG_CXX_LANGUAGE_STANDARD = "gnu++14";
				CLANG_CXX_LIBRARY = "libc++";
				CLANG_ENABLE_MODULES = YES;
				CLANG_ENABLE_OBJC_ARC = YES;
				CLANG_ENABLE_OBJC_WEAK = YES;
				CLANG_WARN_BLOCK_CAPTURE_AUTORELEASING = YES;
				CLANG_WARN_BOOL_CONVERSION = YES;
				CLANG_WARN_COMMA = YES;
				CLANG_WARN_CONSTANT_CONVERSION = YES;
				CLANG_WARN_DEPRECATED_OBJC_IMPLEMENTATIONS = YES;
				CLANG_WARN_DIRECT_OBJC_ISA_USAGE = YES_ERROR;
				CLANG_WARN_DOCUMENTATION_COMMENTS = YES;
				CLANG_WARN_EMPTY_BODY = YES;
				CLANG_WARN_ENUM_CONVERSION = YES;
				CLANG_WARN_INFINITE_RECURSION = YES;
				CLANG_WARN_INT_CONVERSION = YES;
				CLANG_WARN_NON_LITERAL_NULL_CONVERSION = YES;
				CLANG_WARN_OBJC_IMPLICIT_RETAIN_SELF = YES;
				CLANG_WARN_OBJC_LITERAL_CONVERSION = YES;
				CLANG_WARN_OBJC_ROOT_CLASS = YES_ERROR;
				CLANG_WARN_RANGE_LOOP_ANALYSIS = YES;
				CLANG_WARN_STRICT_PROTOTYPES = YES;
				CLANG_WARN_SUSPICIOUS_MOVE = YES;
				CLANG_WARN_UNGUARDED_AVAILABILITY = YES_AGGRESSIVE;
				CLANG_WARN_UNREACHABLE_CODE = YES;
				CLANG_WARN__DUPLICATE_METHOD_MATCH = YES;
				COPY_PHASE_STRIP = NO;
				DEBUG_INFORMATION_FORMAT = "dwarf-with-dsym";
				ENABLE_NS_ASSERTIONS = NO;
				ENABLE_STRICT_OBJC_MSGSEND = YES;
				GCC_C_LANGUAGE_STANDARD = gnu11;
				GCC_NO_COMMON_BLOCKS = YES;
				GCC_WARN_64_TO_32_BIT_CONVERSION = YES;
				GCC_WARN_ABOUT_RETURN_TYPE = YES_ERROR;
				GCC_WARN_UNDECLARED_SELECTOR = YES;
				GCC_WARN_UNINITIALIZED_AUTOS = YES_AGGRESSIVE;
				GCC_WARN_UNUSED_FUNCTION = YES;
				GCC_WARN_UNUSED_VARIABLE = YES;
				IPHONEOS_DEPLOYMENT_TARGET = 13.4;
				MTL_ENABLE_DEBUG_INFO = NO;
				MTL_FAST_MATH = YES;
				SDKROOT = iphoneos;
				SWIFT_COMPILATION_MODE = wholemodule;
				SWIFT_OPTIMIZATION_LEVEL = "-O";
				VALIDATE_PRODUCT = YES;
			};
			name = Release;
		};
		2FEFD6FA24795037001DAC72 /* Debug */ = {
			isa = XCBuildConfiguration;
			buildSettings = {
				ASSETCATALOG_COMPILER_APPICON_NAME = AppIcon;
				CODE_SIGN_STYLE = Automatic;
				DEVELOPMENT_TEAM = LH83H22J6J;
				INFOPLIST_FILE = CompanyAssemble/Info.plist;
				LD_RUNPATH_SEARCH_PATHS = (
					"$(inherited)",
					"@executable_path/Frameworks",
				);
				PRODUCT_BUNDLE_IDENTIFIER = urbanGY.com.github.CompanyAssemble;
				PRODUCT_NAME = "$(TARGET_NAME)";
				SWIFT_VERSION = 5.0;
				TARGETED_DEVICE_FAMILY = "1,2";
			};
			name = Debug;
		};
		2FEFD6FB24795037001DAC72 /* Release */ = {
			isa = XCBuildConfiguration;
			buildSettings = {
				ASSETCATALOG_COMPILER_APPICON_NAME = AppIcon;
				CODE_SIGN_STYLE = Automatic;
				DEVELOPMENT_TEAM = LH83H22J6J;
				INFOPLIST_FILE = CompanyAssemble/Info.plist;
				LD_RUNPATH_SEARCH_PATHS = (
					"$(inherited)",
					"@executable_path/Frameworks",
				);
				PRODUCT_BUNDLE_IDENTIFIER = urbanGY.com.github.CompanyAssemble;
				PRODUCT_NAME = "$(TARGET_NAME)";
				SWIFT_VERSION = 5.0;
				TARGETED_DEVICE_FAMILY = "1,2";
			};
			name = Release;
		};
/* End XCBuildConfiguration section */

/* Begin XCConfigurationList section */
		2FEFD6DD24795035001DAC72 /* Build configuration list for PBXProject "CompanyAssemble" */ = {
			isa = XCConfigurationList;
			buildConfigurations = (
				2FEFD6F724795037001DAC72 /* Debug */,
				2FEFD6F824795037001DAC72 /* Release */,
			);
			defaultConfigurationIsVisible = 0;
			defaultConfigurationName = Release;
		};
		2FEFD6F924795037001DAC72 /* Build configuration list for PBXNativeTarget "CompanyAssemble" */ = {
			isa = XCConfigurationList;
			buildConfigurations = (
				2FEFD6FA24795037001DAC72 /* Debug */,
				2FEFD6FB24795037001DAC72 /* Release */,
			);
			defaultConfigurationIsVisible = 0;
			defaultConfigurationName = Release;
		};
/* End XCConfigurationList section */

/* Begin XCVersionGroup section */
		2FEFD6EE24795035001DAC72 /* CompanyAssemble.xcdatamodeld */ = {
			isa = XCVersionGroup;
			children = (
				2FEFD6EF24795035001DAC72 /* CompanyAssemble.xcdatamodel */,
			);
			currentVersion = 2FEFD6EF24795035001DAC72 /* CompanyAssemble.xcdatamodel */;
			path = CompanyAssemble.xcdatamodeld;
			sourceTree = "<group>";
			versionGroupType = wrapper.xcdatamodel;
		};
/* End XCVersionGroup section */
	};
	rootObject = 2FEFD6DA24795035001DAC72 /* Project object */;
}
