// !$*UTF8*$!
{
	archiveVersion = 1;
	classes = {
	};
	objectVersion = 50;
	objects = {

/* Begin PBXBuildFile section */
		2F2BD98924A85645005F0B29 /* AppDelegate.swift in Sources */ = {isa = PBXBuildFile; fileRef = 2F2BD98824A85645005F0B29 /* AppDelegate.swift */; };
		2F2BD98B24A85645005F0B29 /* SceneDelegate.swift in Sources */ = {isa = PBXBuildFile; fileRef = 2F2BD98A24A85645005F0B29 /* SceneDelegate.swift */; };
		2F2BD99024A85645005F0B29 /* Main.storyboard in Resources */ = {isa = PBXBuildFile; fileRef = 2F2BD98E24A85645005F0B29 /* Main.storyboard */; };
		2F2BD99324A85645005F0B29 /* FaceBookTimeLine.xcdatamodeld in Sources */ = {isa = PBXBuildFile; fileRef = 2F2BD99124A85645005F0B29 /* FaceBookTimeLine.xcdatamodeld */; };
		2F2BD99524A8564A005F0B29 /* Assets.xcassets in Resources */ = {isa = PBXBuildFile; fileRef = 2F2BD99424A8564A005F0B29 /* Assets.xcassets */; };
		2F2BD99824A8564A005F0B29 /* LaunchScreen.storyboard in Resources */ = {isa = PBXBuildFile; fileRef = 2F2BD99624A8564A005F0B29 /* LaunchScreen.storyboard */; };
		2F2BD9A024A8574D005F0B29 /* TableViewController.swift in Sources */ = {isa = PBXBuildFile; fileRef = 2F2BD99F24A8574D005F0B29 /* TableViewController.swift */; };
		2F2BD9A224A859F0005F0B29 /* UITableTableViewCell.swift in Sources */ = {isa = PBXBuildFile; fileRef = 2F2BD9A124A859F0005F0B29 /* UITableTableViewCell.swift */; };
		2F2BD9A624A85B0D005F0B29 /* dummyData.swift in Sources */ = {isa = PBXBuildFile; fileRef = 2F2BD9A524A85B0D005F0B29 /* dummyData.swift */; };
		2F2BD9AB24A86348005F0B29 /* andrew.jpg in Resources */ = {isa = PBXBuildFile; fileRef = 2F2BD9A824A86348005F0B29 /* andrew.jpg */; };
		2F2BD9AC24A86348005F0B29 /* jspark.jpg in Resources */ = {isa = PBXBuildFile; fileRef = 2F2BD9A924A86348005F0B29 /* jspark.jpg */; };
		2F2BD9AD24A86348005F0B29 /* son.jpg in Resources */ = {isa = PBXBuildFile; fileRef = 2F2BD9AA24A86348005F0B29 /* son.jpg */; };
		2F2BD9AF24A8684E005F0B29 /* png.png in Resources */ = {isa = PBXBuildFile; fileRef = 2F2BD9AE24A8684E005F0B29 /* png.png */; };
/* End PBXBuildFile section */

/* Begin PBXFileReference section */
		2F2BD98524A85645005F0B29 /* FaceBookTimeLine.app */ = {isa = PBXFileReference; explicitFileType = wrapper.application; includeInIndex = 0; path = FaceBookTimeLine.app; sourceTree = BUILT_PRODUCTS_DIR; };
		2F2BD98824A85645005F0B29 /* AppDelegate.swift */ = {isa = PBXFileReference; lastKnownFileType = sourcecode.swift; path = AppDelegate.swift; sourceTree = "<group>"; };
		2F2BD98A24A85645005F0B29 /* SceneDelegate.swift */ = {isa = PBXFileReference; lastKnownFileType = sourcecode.swift; path = SceneDelegate.swift; sourceTree = "<group>"; };
		2F2BD98F24A85645005F0B29 /* Base */ = {isa = PBXFileReference; lastKnownFileType = file.storyboard; name = Base; path = Base.lproj/Main.storyboard; sourceTree = "<group>"; };
		2F2BD99224A85645005F0B29 /* FaceBookTimeLine.xcdatamodel */ = {isa = PBXFileReference; lastKnownFileType = wrapper.xcdatamodel; path = FaceBookTimeLine.xcdatamodel; sourceTree = "<group>"; };
		2F2BD99424A8564A005F0B29 /* Assets.xcassets */ = {isa = PBXFileReference; lastKnownFileType = folder.assetcatalog; path = Assets.xcassets; sourceTree = "<group>"; };
		2F2BD99724A8564A005F0B29 /* Base */ = {isa = PBXFileReference; lastKnownFileType = file.storyboard; name = Base; path = Base.lproj/LaunchScreen.storyboard; sourceTree = "<group>"; };
		2F2BD99924A8564A005F0B29 /* Info.plist */ = {isa = PBXFileReference; lastKnownFileType = text.plist.xml; path = Info.plist; sourceTree = "<group>"; };
		2F2BD99F24A8574D005F0B29 /* TableViewController.swift */ = {isa = PBXFileReference; lastKnownFileType = sourcecode.swift; path = TableViewController.swift; sourceTree = "<group>"; };
		2F2BD9A124A859F0005F0B29 /* UITableTableViewCell.swift */ = {isa = PBXFileReference; lastKnownFileType = sourcecode.swift; path = UITableTableViewCell.swift; sourceTree = "<group>"; };
		2F2BD9A524A85B0D005F0B29 /* dummyData.swift */ = {isa = PBXFileReference; lastKnownFileType = sourcecode.swift; path = dummyData.swift; sourceTree = "<group>"; };
		2F2BD9A824A86348005F0B29 /* andrew.jpg */ = {isa = PBXFileReference; lastKnownFileType = image.jpeg; name = andrew.jpg; path = ../../../../../../Desktop/andrew.jpg; sourceTree = "<group>"; };
		2F2BD9A924A86348005F0B29 /* jspark.jpg */ = {isa = PBXFileReference; lastKnownFileType = image.jpeg; name = jspark.jpg; path = ../../../../../../Desktop/jspark.jpg; sourceTree = "<group>"; };
		2F2BD9AA24A86348005F0B29 /* son.jpg */ = {isa = PBXFileReference; lastKnownFileType = image.jpeg; name = son.jpg; path = ../../../../../../Desktop/son.jpg; sourceTree = "<group>"; };
		2F2BD9AE24A8684E005F0B29 /* png.png */ = {isa = PBXFileReference; lastKnownFileType = image.png; name = png.png; path = ../../../../../../Downloads/png.png; sourceTree = "<group>"; };
/* End PBXFileReference section */

/* Begin PBXFrameworksBuildPhase section */
		2F2BD98224A85645005F0B29 /* Frameworks */ = {
			isa = PBXFrameworksBuildPhase;
			buildActionMask = 2147483647;
			files = (
			);
			runOnlyForDeploymentPostprocessing = 0;
		};
/* End PBXFrameworksBuildPhase section */

/* Begin PBXGroup section */
		2F2BD97C24A85645005F0B29 = {
			isa = PBXGroup;
			children = (
				2F2BD98724A85645005F0B29 /* FaceBookTimeLine */,
				2F2BD98624A85645005F0B29 /* Products */,
			);
			sourceTree = "<group>";
		};
		2F2BD98624A85645005F0B29 /* Products */ = {
			isa = PBXGroup;
			children = (
				2F2BD98524A85645005F0B29 /* FaceBookTimeLine.app */,
			);
			name = Products;
			sourceTree = "<group>";
		};
		2F2BD98724A85645005F0B29 /* FaceBookTimeLine */ = {
			isa = PBXGroup;
			children = (
				2F2BD9A724A85FBA005F0B29 /* img */,
				2F2BD9A424A85AF4005F0B29 /* model */,
				2F2BD98824A85645005F0B29 /* AppDelegate.swift */,
				2F2BD98A24A85645005F0B29 /* SceneDelegate.swift */,
				2F2BD98E24A85645005F0B29 /* Main.storyboard */,
				2F2BD99424A8564A005F0B29 /* Assets.xcassets */,
				2F2BD99624A8564A005F0B29 /* LaunchScreen.storyboard */,
				2F2BD99924A8564A005F0B29 /* Info.plist */,
				2F2BD99124A85645005F0B29 /* FaceBookTimeLine.xcdatamodeld */,
				2F2BD99F24A8574D005F0B29 /* TableViewController.swift */,
				2F2BD9A124A859F0005F0B29 /* UITableTableViewCell.swift */,
			);
			path = FaceBookTimeLine;
			sourceTree = "<group>";
		};
		2F2BD9A424A85AF4005F0B29 /* model */ = {
			isa = PBXGroup;
			children = (
				2F2BD9A524A85B0D005F0B29 /* dummyData.swift */,
			);
			path = model;
			sourceTree = "<group>";
		};
		2F2BD9A724A85FBA005F0B29 /* img */ = {
			isa = PBXGroup;
			children = (
				2F2BD9AE24A8684E005F0B29 /* png.png */,
				2F2BD9A824A86348005F0B29 /* andrew.jpg */,
				2F2BD9A924A86348005F0B29 /* jspark.jpg */,
				2F2BD9AA24A86348005F0B29 /* son.jpg */,
			);
			path = img;
			sourceTree = "<group>";
		};
/* End PBXGroup section */

/* Begin PBXNativeTarget section */
		2F2BD98424A85645005F0B29 /* FaceBookTimeLine */ = {
			isa = PBXNativeTarget;
			buildConfigurationList = 2F2BD99C24A8564A005F0B29 /* Build configuration list for PBXNativeTarget "FaceBookTimeLine" */;
			buildPhases = (
				2F2BD98124A85645005F0B29 /* Sources */,
				2F2BD98224A85645005F0B29 /* Frameworks */,
				2F2BD98324A85645005F0B29 /* Resources */,
			);
			buildRules = (
			);
			dependencies = (
			);
			name = FaceBookTimeLine;
			productName = FaceBookTimeLine;
			productReference = 2F2BD98524A85645005F0B29 /* FaceBookTimeLine.app */;
			productType = "com.apple.product-type.application";
		};
/* End PBXNativeTarget section */

/* Begin PBXProject section */
		2F2BD97D24A85645005F0B29 /* Project object */ = {
			isa = PBXProject;
			attributes = {
				LastSwiftUpdateCheck = 1140;
				LastUpgradeCheck = 1140;
				ORGANIZATIONNAME = urbanGY;
				TargetAttributes = {
					2F2BD98424A85645005F0B29 = {
						CreatedOnToolsVersion = 11.4;
					};
				};
			};
			buildConfigurationList = 2F2BD98024A85645005F0B29 /* Build configuration list for PBXProject "FaceBookTimeLine" */;
			compatibilityVersion = "Xcode 9.3";
			developmentRegion = en;
			hasScannedForEncodings = 0;
			knownRegions = (
				en,
				Base,
			);
			mainGroup = 2F2BD97C24A85645005F0B29;
			productRefGroup = 2F2BD98624A85645005F0B29 /* Products */;
			projectDirPath = "";
			projectRoot = "";
			targets = (
				2F2BD98424A85645005F0B29 /* FaceBookTimeLine */,
			);
		};
/* End PBXProject section */

/* Begin PBXResourcesBuildPhase section */
		2F2BD98324A85645005F0B29 /* Resources */ = {
			isa = PBXResourcesBuildPhase;
			buildActionMask = 2147483647;
			files = (
				2F2BD9AD24A86348005F0B29 /* son.jpg in Resources */,
				2F2BD99824A8564A005F0B29 /* LaunchScreen.storyboard in Resources */,
				2F2BD99524A8564A005F0B29 /* Assets.xcassets in Resources */,
				2F2BD9AC24A86348005F0B29 /* jspark.jpg in Resources */,
				2F2BD9AB24A86348005F0B29 /* andrew.jpg in Resources */,
				2F2BD99024A85645005F0B29 /* Main.storyboard in Resources */,
				2F2BD9AF24A8684E005F0B29 /* png.png in Resources */,
			);
			runOnlyForDeploymentPostprocessing = 0;
		};
/* End PBXResourcesBuildPhase section */

/* Begin PBXSourcesBuildPhase section */
		2F2BD98124A85645005F0B29 /* Sources */ = {
			isa = PBXSourcesBuildPhase;
			buildActionMask = 2147483647;
			files = (
				2F2BD9A624A85B0D005F0B29 /* dummyData.swift in Sources */,
				2F2BD98924A85645005F0B29 /* AppDelegate.swift in Sources */,
				2F2BD99324A85645005F0B29 /* FaceBookTimeLine.xcdatamodeld in Sources */,
				2F2BD98B24A85645005F0B29 /* SceneDelegate.swift in Sources */,
				2F2BD9A224A859F0005F0B29 /* UITableTableViewCell.swift in Sources */,
				2F2BD9A024A8574D005F0B29 /* TableViewController.swift in Sources */,
			);
			runOnlyForDeploymentPostprocessing = 0;
		};
/* End PBXSourcesBuildPhase section */

/* Begin PBXVariantGroup section */
		2F2BD98E24A85645005F0B29 /* Main.storyboard */ = {
			isa = PBXVariantGroup;
			children = (
				2F2BD98F24A85645005F0B29 /* Base */,
			);
			name = Main.storyboard;
			sourceTree = "<group>";
		};
		2F2BD99624A8564A005F0B29 /* LaunchScreen.storyboard */ = {
			isa = PBXVariantGroup;
			children = (
				2F2BD99724A8564A005F0B29 /* Base */,
			);
			name = LaunchScreen.storyboard;
			sourceTree = "<group>";
		};
/* End PBXVariantGroup section */

/* Begin XCBuildConfiguration section */
		2F2BD99A24A8564A005F0B29 /* Debug */ = {
			isa = XCBuildConfiguration;
			buildSettings = {
				ALWAYS_SEARCH_USER_PATHS = NO;
				CLANG_ANALYZER_NONNULL = YES;
				CLANG_ANALYZER_NUMBER_OBJECT_CONVERSION = YES_AGGRESSIVE;
				CLANG_CXX_LANGUAGE_STANDARD = "gnu++14";
				CLANG_CXX_LIBRARY = "libc++";
				CLANG_ENABLE_MODULES = YES;
				CLANG_ENABLE_OBJC_ARC = YES;
				CLANG_ENABLE_OBJC_WEAK = YES;
				CLANG_WARN_BLOCK_CAPTURE_AUTORELEASING = YES;
				CLANG_WARN_BOOL_CONVERSION = YES;
				CLANG_WARN_COMMA = YES;
				CLANG_WARN_CONSTANT_CONVERSION = YES;
				CLANG_WARN_DEPRECATED_OBJC_IMPLEMENTATIONS = YES;
				CLANG_WARN_DIRECT_OBJC_ISA_USAGE = YES_ERROR;
				CLANG_WARN_DOCUMENTATION_COMMENTS = YES;
				CLANG_WARN_EMPTY_BODY = YES;
				CLANG_WARN_ENUM_CONVERSION = YES;
				CLANG_WARN_INFINITE_RECURSION = YES;
				CLANG_WARN_INT_CONVERSION = YES;
				CLANG_WARN_NON_LITERAL_NULL_CONVERSION = YES;
				CLANG_WARN_OBJC_IMPLICIT_RETAIN_SELF = YES;
				CLANG_WARN_OBJC_LITERAL_CONVERSION = YES;
				CLANG_WARN_OBJC_ROOT_CLASS = YES_ERROR;
				CLANG_WARN_RANGE_LOOP_ANALYSIS = YES;
				CLANG_WARN_STRICT_PROTOTYPES = YES;
				CLANG_WARN_SUSPICIOUS_MOVE = YES;
				CLANG_WARN_UNGUARDED_AVAILABILITY = YES_AGGRESSIVE;
				CLANG_WARN_UNREACHABLE_CODE = YES;
				CLANG_WARN__DUPLICATE_METHOD_MATCH = YES;
				COPY_PHASE_STRIP = NO;
				DEBUG_INFORMATION_FORMAT = dwarf;
				ENABLE_STRICT_OBJC_MSGSEND = YES;
				ENABLE_TESTABILITY = YES;
				GCC_C_LANGUAGE_STANDARD = gnu11;
				GCC_DYNAMIC_NO_PIC = NO;
				GCC_NO_COMMON_BLOCKS = YES;
				GCC_OPTIMIZATION_LEVEL = 0;
				GCC_PREPROCESSOR_DEFINITIONS = (
					"DEBUG=1",
					"$(inherited)",
				);
				GCC_WARN_64_TO_32_BIT_CONVERSION = YES;
				GCC_WARN_ABOUT_RETURN_TYPE = YES_ERROR;
				GCC_WARN_UNDECLARED_SELECTOR = YES;
				GCC_WARN_UNINITIALIZED_AUTOS = YES_AGGRESSIVE;
				GCC_WARN_UNUSED_FUNCTION = YES;
				GCC_WARN_UNUSED_VARIABLE = YES;
				IPHONEOS_DEPLOYMENT_TARGET = 13.4;
				MTL_ENABLE_DEBUG_INFO = INCLUDE_SOURCE;
				MTL_FAST_MATH = YES;
				ONLY_ACTIVE_ARCH = YES;
				SDKROOT = iphoneos;
				SWIFT_ACTIVE_COMPILATION_CONDITIONS = DEBUG;
				SWIFT_OPTIMIZATION_LEVEL = "-Onone";
			};
			name = Debug;
		};
		2F2BD99B24A8564A005F0B29 /* Release */ = {
			isa = XCBuildConfiguration;
			buildSettings = {
				ALWAYS_SEARCH_USER_PATHS = NO;
				CLANG_ANALYZER_NONNULL = YES;
				CLANG_ANALYZER_NUMBER_OBJECT_CONVERSION = YES_AGGRESSIVE;
				CLANG_CXX_LANGUAGE_STANDARD = "gnu++14";
				CLANG_CXX_LIBRARY = "libc++";
				CLANG_ENABLE_MODULES = YES;
				CLANG_ENABLE_OBJC_ARC = YES;
				CLANG_ENABLE_OBJC_WEAK = YES;
				CLANG_WARN_BLOCK_CAPTURE_AUTORELEASING = YES;
				CLANG_WARN_BOOL_CONVERSION = YES;
				CLANG_WARN_COMMA = YES;
				CLANG_WARN_CONSTANT_CONVERSION = YES;
				CLANG_WARN_DEPRECATED_OBJC_IMPLEMENTATIONS = YES;
				CLANG_WARN_DIRECT_OBJC_ISA_USAGE = YES_ERROR;
				CLANG_WARN_DOCUMENTATION_COMMENTS = YES;
				CLANG_WARN_EMPTY_BODY = YES;
				CLANG_WARN_ENUM_CONVERSION = YES;
				CLANG_WARN_INFINITE_RECURSION = YES;
				CLANG_WARN_INT_CONVERSION = YES;
				CLANG_WARN_NON_LITERAL_NULL_CONVERSION = YES;
				CLANG_WARN_OBJC_IMPLICIT_RETAIN_SELF = YES;
				CLANG_WARN_OBJC_LITERAL_CONVERSION = YES;
				CLANG_WARN_OBJC_ROOT_CLASS = YES_ERROR;
				CLANG_WARN_RANGE_LOOP_ANALYSIS = YES;
				CLANG_WARN_STRICT_PROTOTYPES = YES;
				CLANG_WARN_SUSPICIOUS_MOVE = YES;
				CLANG_WARN_UNGUARDED_AVAILABILITY = YES_AGGRESSIVE;
				CLANG_WARN_UNREACHABLE_CODE = YES;
				CLANG_WARN__DUPLICATE_METHOD_MATCH = YES;
				COPY_PHASE_STRIP = NO;
				DEBUG_INFORMATION_FORMAT = "dwarf-with-dsym";
				ENABLE_NS_ASSERTIONS = NO;
				ENABLE_STRICT_OBJC_MSGSEND = YES;
				GCC_C_LANGUAGE_STANDARD = gnu11;
				GCC_NO_COMMON_BLOCKS = YES;
				GCC_WARN_64_TO_32_BIT_CONVERSION = YES;
				GCC_WARN_ABOUT_RETURN_TYPE = YES_ERROR;
				GCC_WARN_UNDECLARED_SELECTOR = YES;
				GCC_WARN_UNINITIALIZED_AUTOS = YES_AGGRESSIVE;
				GCC_WARN_UNUSED_FUNCTION = YES;
				GCC_WARN_UNUSED_VARIABLE = YES;
				IPHONEOS_DEPLOYMENT_TARGET = 13.4;
				MTL_ENABLE_DEBUG_INFO = NO;
				MTL_FAST_MATH = YES;
				SDKROOT = iphoneos;
				SWIFT_COMPILATION_MODE = wholemodule;
				SWIFT_OPTIMIZATION_LEVEL = "-O";
				VALIDATE_PRODUCT = YES;
			};
			name = Release;
		};
		2F2BD99D24A8564A005F0B29 /* Debug */ = {
			isa = XCBuildConfiguration;
			buildSettings = {
				ASSETCATALOG_COMPILER_APPICON_NAME = AppIcon;
				CODE_SIGN_STYLE = Automatic;
				DEVELOPMENT_TEAM = LH83H22J6J;
				INFOPLIST_FILE = FaceBookTimeLine/Info.plist;
				LD_RUNPATH_SEARCH_PATHS = (
					"$(inherited)",
					"@executable_path/Frameworks",
				);
				PRODUCT_BUNDLE_IDENTIFIER = urbanGY.com.github.FaceBookTimeLine;
				PRODUCT_NAME = "$(TARGET_NAME)";
				SWIFT_VERSION = 5.0;
				TARGETED_DEVICE_FAMILY = "1,2";
			};
			name = Debug;
		};
		2F2BD99E24A8564A005F0B29 /* Release */ = {
			isa = XCBuildConfiguration;
			buildSettings = {
				ASSETCATALOG_COMPILER_APPICON_NAME = AppIcon;
				CODE_SIGN_STYLE = Automatic;
				DEVELOPMENT_TEAM = LH83H22J6J;
				INFOPLIST_FILE = FaceBookTimeLine/Info.plist;
				LD_RUNPATH_SEARCH_PATHS = (
					"$(inherited)",
					"@executable_path/Frameworks",
				);
				PRODUCT_BUNDLE_IDENTIFIER = urbanGY.com.github.FaceBookTimeLine;
				PRODUCT_NAME = "$(TARGET_NAME)";
				SWIFT_VERSION = 5.0;
				TARGETED_DEVICE_FAMILY = "1,2";
			};
			name = Release;
		};
/* End XCBuildConfiguration section */

/* Begin XCConfigurationList section */
		2F2BD98024A85645005F0B29 /* Build configuration list for PBXProject "FaceBookTimeLine" */ = {
			isa = XCConfigurationList;
			buildConfigurations = (
				2F2BD99A24A8564A005F0B29 /* Debug */,
				2F2BD99B24A8564A005F0B29 /* Release */,
			);
			defaultConfigurationIsVisible = 0;
			defaultConfigurationName = Release;
		};
		2F2BD99C24A8564A005F0B29 /* Build configuration list for PBXNativeTarget "FaceBookTimeLine" */ = {
			isa = XCConfigurationList;
			buildConfigurations = (
				2F2BD99D24A8564A005F0B29 /* Debug */,
				2F2BD99E24A8564A005F0B29 /* Release */,
			);
			defaultConfigurationIsVisible = 0;
			defaultConfigurationName = Release;
		};
/* End XCConfigurationList section */

/* Begin XCVersionGroup section */
		2F2BD99124A85645005F0B29 /* FaceBookTimeLine.xcdatamodeld */ = {
			isa = XCVersionGroup;
			children = (
				2F2BD99224A85645005F0B29 /* FaceBookTimeLine.xcdatamodel */,
			);
			currentVersion = 2F2BD99224A85645005F0B29 /* FaceBookTimeLine.xcdatamodel */;
			path = FaceBookTimeLine.xcdatamodeld;
			sourceTree = "<group>";
			versionGroupType = wrapper.xcdatamodel;
		};
/* End XCVersionGroup section */
	};
	rootObject = 2F2BD97D24A85645005F0B29 /* Project object */;
}
